
Microsoft Visual Studio Solution File, Format Version 12.00
# Visual Studio 15
VisualStudioVersion = 15.0.26430.16
MinimumVisualStudioVersion = 10.0.40219.1
Project("{9A19103F-16F7-4668-BE54-9A1E7A4F7556}") = "TrafikApi", "TrafikApi\TrafikApi.csproj", "{D51ED710-694B-43F5-BA35-99868EA75F01}"
EndProject
Project("{9A19103F-16F7-4668-BE54-9A1E7A4F7556}") = "ModelHelper", "ModelHelper\ModelHelper.csproj", "{7A69C7A2-4CD8-4020-B27D-EC6417CD65A1}"
EndProject
Global
	GlobalSection(SolutionConfigurationPlatforms) = preSolution
		Debug|Any CPU = Debug|Any CPU
		Release|Any CPU = Release|Any CPU
	EndGlobalSection
	GlobalSection(ProjectConfigurationPlatforms) = postSolution
		{D51ED710-694B-43F5-BA35-99868EA75F01}.Debug|Any CPU.ActiveCfg = Debug|Any CPU
		{D51ED710-694B-43F5-BA35-99868EA75F01}.Debug|Any CPU.Build.0 = Debug|Any CPU
		{D51ED710-694B-43F5-BA35-99868EA75F01}.Release|Any CPU.ActiveCfg = Release|Any CPU
		{D51ED710-694B-43F5-BA35-99868EA75F01}.Release|Any CPU.Build.0 = Release|Any CPU
		{7A69C7A2-4CD8-4020-B27D-EC6417CD65A1}.Debug|Any CPU.ActiveCfg = Debug|Any CPU
		{7A69C7A2-4CD8-4020-B27D-EC6417CD65A1}.Debug|Any CPU.Build.0 = Debug|Any CPU
		{7A69C7A2-4CD8-4020-B27D-EC6417CD65A1}.Release|Any CPU.ActiveCfg = Release|Any CPU
		{7A69C7A2-4CD8-4020-B27D-EC6417CD65A1}.Release|Any CPU.Build.0 = Release|Any CPU
	EndGlobalSection
	GlobalSection(SolutionProperties) = preSolution
		HideSolutionNode = FALSE
	EndGlobalSection
EndGlobal
